
Microsoft Visual Studio Solution File, Format Version 12.00
# Visual Studio Version 17
VisualStudioVersion = 17.0.31919.166
MinimumVisualStudioVersion = 10.0.40219.1
Project("{9A19103F-16F7-4668-BE54-9A1E7A4F7556}") = "Microsis.CWM", "Microsis.CWM.csproj", "{31B22C8D-3EB0-472D-9EC3-9305EA6AA36D}"
EndProject
Global
	GlobalSection(SolutionConfigurationPlatforms) = preSolution
		Debug|Any CPU = Debug|Any CPU
		Release|Any CPU = Release|Any CPU
	EndGlobalSection
	GlobalSection(ProjectConfigurationPlatforms) = postSolution
		{31B22C8D-3EB0-472D-9EC3-9305EA6AA36D}.Debug|Any CPU.ActiveCfg = Debug|Any CPU
		{31B22C8D-3EB0-472D-9EC3-9305EA6AA36D}.Debug|Any CPU.Build.0 = Debug|Any CPU
		{31B22C8D-3EB0-472D-9EC3-9305EA6AA36D}.Release|Any CPU.ActiveCfg = Release|Any CPU
		{31B22C8D-3EB0-472D-9EC3-9305EA6AA36D}.Release|Any CPU.Build.0 = Release|Any CPU
	EndGlobalSection
	GlobalSection(SolutionProperties) = preSolution
		HideSolutionNode = FALSE
	EndGlobalSection
	GlobalSection(ExtensibilityGlobals) = postSolution
		SolutionGuid = {8C445F2F-AEED-451F-98D4-2FAE292BFB54}
	EndGlobalSection
EndGlobal
